// !$*UTF8*$!
{
	archiveVersion = 1;
	classes = {
	};
	objectVersion = 46;
	objects = {

/* Begin PBXBuildFile section */
		B45259731C93251000C57206 /* CalculatorState.swift in Sources */ = {isa = PBXBuildFile; fileRef = B45259721C93251000C57206 /* CalculatorState.swift */; };
		B45259771C9325DF00C57206 /* ReadyToEnterFirstNumberState.swift in Sources */ = {isa = PBXBuildFile; fileRef = B45259761C9325DF00C57206 /* ReadyToEnterFirstNumberState.swift */; };
		B45259791C93261000C57206 /* EnteringFirstNumberState.swift in Sources */ = {isa = PBXBuildFile; fileRef = B45259781C93261000C57206 /* EnteringFirstNumberState.swift */; };
		B452597B1C93262C00C57206 /* ReadyToEnterSecondNumberState.swift in Sources */ = {isa = PBXBuildFile; fileRef = B452597A1C93262C00C57206 /* ReadyToEnterSecondNumberState.swift */; };
		B452597D1C9326DD00C57206 /* EnteringSecondNumberState.swift in Sources */ = {isa = PBXBuildFile; fileRef = B452597C1C9326DD00C57206 /* EnteringSecondNumberState.swift */; };
		B452597F1C9326FA00C57206 /* EvaluatedState.swift in Sources */ = {isa = PBXBuildFile; fileRef = B452597E1C9326FA00C57206 /* EvaluatedState.swift */; };
		B48EE9CB1C6D120600664C30 /* AppDelegate.swift in Sources */ = {isa = PBXBuildFile; fileRef = B48EE9CA1C6D120600664C30 /* AppDelegate.swift */; };
		B48EE9D01C6D120600664C30 /* Main.storyboard in Resources */ = {isa = PBXBuildFile; fileRef = B48EE9CE1C6D120600664C30 /* Main.storyboard */; };
		B48EE9D21C6D120600664C30 /* Assets.xcassets in Resources */ = {isa = PBXBuildFile; fileRef = B48EE9D11C6D120600664C30 /* Assets.xcassets */; };
		B48EE9D51C6D120600664C30 /* LaunchScreen.storyboard in Resources */ = {isa = PBXBuildFile; fileRef = B48EE9D31C6D120600664C30 /* LaunchScreen.storyboard */; };
		B48EE9DD1C6D127000664C30 /* CalculatorModel.swift in Sources */ = {isa = PBXBuildFile; fileRef = B48EE9DC1C6D127000664C30 /* CalculatorModel.swift */; };
		B48EE9E11C6D129300664C30 /* CalculatorViewController.swift in Sources */ = {isa = PBXBuildFile; fileRef = B48EE9E01C6D129300664C30 /* CalculatorViewController.swift */; };
/* End PBXBuildFile section */

/* Begin PBXFileReference section */
		B45259721C93251000C57206 /* CalculatorState.swift */ = {isa = PBXFileReference; fileEncoding = 4; lastKnownFileType = sourcecode.swift; path = CalculatorState.swift; sourceTree = "<group>"; };
		B45259761C9325DF00C57206 /* ReadyToEnterFirstNumberState.swift */ = {isa = PBXFileReference; fileEncoding = 4; lastKnownFileType = sourcecode.swift; path = ReadyToEnterFirstNumberState.swift; sourceTree = "<group>"; };
		B45259781C93261000C57206 /* EnteringFirstNumberState.swift */ = {isa = PBXFileReference; fileEncoding = 4; lastKnownFileType = sourcecode.swift; path = EnteringFirstNumberState.swift; sourceTree = "<group>"; };
		B452597A1C93262C00C57206 /* ReadyToEnterSecondNumberState.swift */ = {isa = PBXFileReference; fileEncoding = 4; lastKnownFileType = sourcecode.swift; path = ReadyToEnterSecondNumberState.swift; sourceTree = "<group>"; };
		B452597C1C9326DD00C57206 /* EnteringSecondNumberState.swift */ = {isa = PBXFileReference; fileEncoding = 4; lastKnownFileType = sourcecode.swift; path = EnteringSecondNumberState.swift; sourceTree = "<group>"; };
		B452597E1C9326FA00C57206 /* EvaluatedState.swift */ = {isa = PBXFileReference; fileEncoding = 4; lastKnownFileType = sourcecode.swift; path = EvaluatedState.swift; sourceTree = "<group>"; };
		B48EE9C71C6D120600664C30 /* FunctionalCalculator.app */ = {isa = PBXFileReference; explicitFileType = wrapper.application; includeInIndex = 0; path = FunctionalCalculator.app; sourceTree = BUILT_PRODUCTS_DIR; };
		B48EE9CA1C6D120600664C30 /* AppDelegate.swift */ = {isa = PBXFileReference; lastKnownFileType = sourcecode.swift; path = AppDelegate.swift; sourceTree = "<group>"; };
		B48EE9CF1C6D120600664C30 /* Base */ = {isa = PBXFileReference; lastKnownFileType = file.storyboard; name = Base; path = Base.lproj/Main.storyboard; sourceTree = "<group>"; };
		B48EE9D11C6D120600664C30 /* Assets.xcassets */ = {isa = PBXFileReference; lastKnownFileType = folder.assetcatalog; path = Assets.xcassets; sourceTree = "<group>"; };
		B48EE9D41C6D120600664C30 /* Base */ = {isa = PBXFileReference; lastKnownFileType = file.storyboard; name = Base; path = Base.lproj/LaunchScreen.storyboard; sourceTree = "<group>"; };
		B48EE9D61C6D120600664C30 /* Info.plist */ = {isa = PBXFileReference; lastKnownFileType = text.plist.xml; path = Info.plist; sourceTree = "<group>"; };
		B48EE9DC1C6D127000664C30 /* CalculatorModel.swift */ = {isa = PBXFileReference; fileEncoding = 4; lastKnownFileType = sourcecode.swift; path = CalculatorModel.swift; sourceTree = "<group>"; };
		B48EE9E01C6D129300664C30 /* CalculatorViewController.swift */ = {isa = PBXFileReference; fileEncoding = 4; lastKnownFileType = sourcecode.swift; path = CalculatorViewController.swift; sourceTree = "<group>"; };
/* End PBXFileReference section */

/* Begin PBXFrameworksBuildPhase section */
		B48EE9C41C6D120600664C30 /* Frameworks */ = {
			isa = PBXFrameworksBuildPhase;
			buildActionMask = 2147483647;
			files = (
			);
			runOnlyForDeploymentPostprocessing = 0;
		};
/* End PBXFrameworksBuildPhase section */

/* Begin PBXGroup section */
		B45259711C9324B500C57206 /* CalculatorViewModel */ = {
			isa = PBXGroup;
			children = (
				B45259721C93251000C57206 /* CalculatorState.swift */,
				B45259761C9325DF00C57206 /* ReadyToEnterFirstNumberState.swift */,
				B45259781C93261000C57206 /* EnteringFirstNumberState.swift */,
				B452597A1C93262C00C57206 /* ReadyToEnterSecondNumberState.swift */,
				B452597C1C9326DD00C57206 /* EnteringSecondNumberState.swift */,
				B452597E1C9326FA00C57206 /* EvaluatedState.swift */,
			);
			name = CalculatorViewModel;
			sourceTree = "<group>";
		};
		B48EE9BE1C6D120600664C30 = {
			isa = PBXGroup;
			children = (
				B48EE9C91C6D120600664C30 /* FunctionalCalculator */,
				B48EE9C81C6D120600664C30 /* Products */,
			);
			sourceTree = "<group>";
		};
		B48EE9C81C6D120600664C30 /* Products */ = {
			isa = PBXGroup;
			children = (
				B48EE9C71C6D120600664C30 /* FunctionalCalculator.app */,
			);
			name = Products;
			sourceTree = "<group>";
		};
		B48EE9C91C6D120600664C30 /* FunctionalCalculator */ = {
			isa = PBXGroup;
			children = (
				B48EE9CA1C6D120600664C30 /* AppDelegate.swift */,
				B48EE9DC1C6D127000664C30 /* CalculatorModel.swift */,
				B45259711C9324B500C57206 /* CalculatorViewModel */,
				B48EE9E01C6D129300664C30 /* CalculatorViewController.swift */,
				B48EE9CE1C6D120600664C30 /* Main.storyboard */,
				B48EE9D11C6D120600664C30 /* Assets.xcassets */,
				B48EE9D31C6D120600664C30 /* LaunchScreen.storyboard */,
				B48EE9D61C6D120600664C30 /* Info.plist */,
			);
			path = FunctionalCalculator;
			sourceTree = "<group>";
		};
/* End PBXGroup section */

/* Begin PBXNativeTarget section */
		B48EE9C61C6D120600664C30 /* FunctionalCalculator */ = {
			isa = PBXNativeTarget;
			buildConfigurationList = B48EE9D91C6D120600664C30 /* Build configuration list for PBXNativeTarget "FunctionalCalculator" */;
			buildPhases = (
				B48EE9C31C6D120600664C30 /* Sources */,
				B48EE9C41C6D120600664C30 /* Frameworks */,
				B48EE9C51C6D120600664C30 /* Resources */,
			);
			buildRules = (
			);
			dependencies = (
			);
			name = FunctionalCalculator;
			productName = FunctionalCalculator;
			productReference = B48EE9C71C6D120600664C30 /* FunctionalCalculator.app */;
			productType = "com.apple.product-type.application";
		};
/* End PBXNativeTarget section */

/* Begin PBXProject section */
		B48EE9BF1C6D120600664C30 /* Project object */ = {
			isa = PBXProject;
			attributes = {
				LastSwiftUpdateCheck = 0720;
				LastUpgradeCheck = 0720;
				ORGANIZATIONNAME = AppObject;
				TargetAttributes = {
					B48EE9C61C6D120600664C30 = {
						CreatedOnToolsVersion = 7.2.1;
					};
				};
			};
			buildConfigurationList = B48EE9C21C6D120600664C30 /* Build configuration list for PBXProject "FunctionalCalculator" */;
			compatibilityVersion = "Xcode 3.2";
			developmentRegion = English;
			hasScannedForEncodings = 0;
			knownRegions = (
				en,
				Base,
			);
			mainGroup = B48EE9BE1C6D120600664C30;
			productRefGroup = B48EE9C81C6D120600664C30 /* Products */;
			projectDirPath = "";
			projectRoot = "";
			targets = (
				B48EE9C61C6D120600664C30 /* FunctionalCalculator */,
			);
		};
/* End PBXProject section */

/* Begin PBXResourcesBuildPhase section */
		B48EE9C51C6D120600664C30 /* Resources */ = {
			isa = PBXResourcesBuildPhase;
			buildActionMask = 2147483647;
			files = (
				B48EE9D51C6D120600664C30 /* LaunchScreen.storyboard in Resources */,
				B48EE9D21C6D120600664C30 /* Assets.xcassets in Resources */,
				B48EE9D01C6D120600664C30 /* Main.storyboard in Resources */,
			);
			runOnlyForDeploymentPostprocessing = 0;
		};
/* End PBXResourcesBuildPhase section */

/* Begin PBXSourcesBuildPhase section */
		B48EE9C31C6D120600664C30 /* Sources */ = {
			isa = PBXSourcesBuildPhase;
			buildActionMask = 2147483647;
			files = (
				B48EE9DD1C6D127000664C30 /* CalculatorModel.swift in Sources */,
				B452597F1C9326FA00C57206 /* EvaluatedState.swift in Sources */,
				B45259791C93261000C57206 /* EnteringFirstNumberState.swift in Sources */,
				B452597D1C9326DD00C57206 /* EnteringSecondNumberState.swift in Sources */,
				B452597B1C93262C00C57206 /* ReadyToEnterSecondNumberState.swift in Sources */,
				B45259771C9325DF00C57206 /* ReadyToEnterFirstNumberState.swift in Sources */,
				B48EE9E11C6D129300664C30 /* CalculatorViewController.swift in Sources */,
				B45259731C93251000C57206 /* CalculatorState.swift in Sources */,
				B48EE9CB1C6D120600664C30 /* AppDelegate.swift in Sources */,
			);
			runOnlyForDeploymentPostprocessing = 0;
		};
/* End PBXSourcesBuildPhase section */

/* Begin PBXVariantGroup section */
		B48EE9CE1C6D120600664C30 /* Main.storyboard */ = {
			isa = PBXVariantGroup;
			children = (
				B48EE9CF1C6D120600664C30 /* Base */,
			);
			name = Main.storyboard;
			sourceTree = "<group>";
		};
		B48EE9D31C6D120600664C30 /* LaunchScreen.storyboard */ = {
			isa = PBXVariantGroup;
			children = (
				B48EE9D41C6D120600664C30 /* Base */,
			);
			name = LaunchScreen.storyboard;
			sourceTree = "<group>";
		};
/* End PBXVariantGroup section */

/* Begin XCBuildConfiguration section */
		B48EE9D71C6D120600664C30 /* Debug */ = {
			isa = XCBuildConfiguration;
			buildSettings = {
				ALWAYS_SEARCH_USER_PATHS = NO;
				CLANG_CXX_LANGUAGE_STANDARD = "gnu++0x";
				CLANG_CXX_LIBRARY = "libc++";
				CLANG_ENABLE_MODULES = YES;
				CLANG_ENABLE_OBJC_ARC = YES;
				CLANG_WARN_BOOL_CONVERSION = YES;
				CLANG_WARN_CONSTANT_CONVERSION = YES;
				CLANG_WARN_DIRECT_OBJC_ISA_USAGE = YES_ERROR;
				CLANG_WARN_EMPTY_BODY = YES;
				CLANG_WARN_ENUM_CONVERSION = YES;
				CLANG_WARN_INT_CONVERSION = YES;
				CLANG_WARN_OBJC_ROOT_CLASS = YES_ERROR;
				CLANG_WARN_UNREACHABLE_CODE = YES;
				CLANG_WARN__DUPLICATE_METHOD_MATCH = YES;
				"CODE_SIGN_IDENTITY[sdk=iphoneos*]" = "iPhone Developer";
				COPY_PHASE_STRIP = NO;
				DEBUG_INFORMATION_FORMAT = dwarf;
				ENABLE_STRICT_OBJC_MSGSEND = YES;
				ENABLE_TESTABILITY = YES;
				GCC_C_LANGUAGE_STANDARD = gnu99;
				GCC_DYNAMIC_NO_PIC = NO;
				GCC_NO_COMMON_BLOCKS = YES;
				GCC_OPTIMIZATION_LEVEL = 0;
				GCC_PREPROCESSOR_DEFINITIONS = (
					"DEBUG=1",
					"$(inherited)",
				);
				GCC_WARN_64_TO_32_BIT_CONVERSION = YES;
				GCC_WARN_ABOUT_RETURN_TYPE = YES_ERROR;
				GCC_WARN_UNDECLARED_SELECTOR = YES;
				GCC_WARN_UNINITIALIZED_AUTOS = YES_AGGRESSIVE;
				GCC_WARN_UNUSED_FUNCTION = YES;
				GCC_WARN_UNUSED_VARIABLE = YES;
				IPHONEOS_DEPLOYMENT_TARGET = 9.2;
				MTL_ENABLE_DEBUG_INFO = YES;
				ONLY_ACTIVE_ARCH = YES;
				SDKROOT = iphoneos;
				SWIFT_OPTIMIZATION_LEVEL = "-Onone";
				TARGETED_DEVICE_FAMILY = "1,2";
			};
			name = Debug;
		};
		B48EE9D81C6D120600664C30 /* Release */ = {
			isa = XCBuildConfiguration;
			buildSettings = {
				ALWAYS_SEARCH_USER_PATHS = NO;
				CLANG_CXX_LANGUAGE_STANDARD = "gnu++0x";
				CLANG_CXX_LIBRARY = "libc++";
				CLANG_ENABLE_MODULES = YES;
				CLANG_ENABLE_OBJC_ARC = YES;
				CLANG_WARN_BOOL_CONVERSION = YES;
				CLANG_WARN_CONSTANT_CONVERSION = YES;
				CLANG_WARN_DIRECT_OBJC_ISA_USAGE = YES_ERROR;
				CLANG_WARN_EMPTY_BODY = YES;
				CLANG_WARN_ENUM_CONVERSION = YES;
				CLANG_WARN_INT_CONVERSION = YES;
				CLANG_WARN_OBJC_ROOT_CLASS = YES_ERROR;
				CLANG_WARN_UNREACHABLE_CODE = YES;
				CLANG_WARN__DUPLICATE_METHOD_MATCH = YES;
				"CODE_SIGN_IDENTITY[sdk=iphoneos*]" = "iPhone Developer";
				COPY_PHASE_STRIP = NO;
				DEBUG_INFORMATION_FORMAT = "dwarf-with-dsym";
				ENABLE_NS_ASSERTIONS = NO;
				ENABLE_STRICT_OBJC_MSGSEND = YES;
				GCC_C_LANGUAGE_STANDARD = gnu99;
				GCC_NO_COMMON_BLOCKS = YES;
				GCC_WARN_64_TO_32_BIT_CONVERSION = YES;
				GCC_WARN_ABOUT_RETURN_TYPE = YES_ERROR;
				GCC_WARN_UNDECLARED_SELECTOR = YES;
				GCC_WARN_UNINITIALIZED_AUTOS = YES_AGGRESSIVE;
				GCC_WARN_UNUSED_FUNCTION = YES;
				GCC_WARN_UNUSED_VARIABLE = YES;
				IPHONEOS_DEPLOYMENT_TARGET = 9.2;
				MTL_ENABLE_DEBUG_INFO = NO;
				SDKROOT = iphoneos;
				TARGETED_DEVICE_FAMILY = "1,2";
				VALIDATE_PRODUCT = YES;
			};
			name = Release;
		};
		B48EE9DA1C6D120600664C30 /* Debug */ = {
			isa = XCBuildConfiguration;
			buildSettings = {
				ASSETCATALOG_COMPILER_APPICON_NAME = AppIcon;
				INFOPLIST_FILE = FunctionalCalculator/Info.plist;
				LD_RUNPATH_SEARCH_PATHS = "$(inherited) @executable_path/Frameworks";
				PRODUCT_BUNDLE_IDENTIFIER = com.appobject.FunctionalCalculator;
				PRODUCT_NAME = "$(TARGET_NAME)";
			};
			name = Debug;
		};
		B48EE9DB1C6D120600664C30 /* Release */ = {
			isa = XCBuildConfiguration;
			buildSettings = {
				ASSETCATALOG_COMPILER_APPICON_NAME = AppIcon;
				INFOPLIST_FILE = FunctionalCalculator/Info.plist;
				LD_RUNPATH_SEARCH_PATHS = "$(inherited) @executable_path/Frameworks";
				PRODUCT_BUNDLE_IDENTIFIER = com.appobject.FunctionalCalculator;
				PRODUCT_NAME = "$(TARGET_NAME)";
			};
			name = Release;
		};
/* End XCBuildConfiguration section */

/* Begin XCConfigurationList section */
		B48EE9C21C6D120600664C30 /* Build configuration list for PBXProject "FunctionalCalculator" */ = {
			isa = XCConfigurationList;
			buildConfigurations = (
				B48EE9D71C6D120600664C30 /* Debug */,
				B48EE9D81C6D120600664C30 /* Release */,
			);
			defaultConfigurationIsVisible = 0;
			defaultConfigurationName = Release;
		};
		B48EE9D91C6D120600664C30 /* Build configuration list for PBXNativeTarget "FunctionalCalculator" */ = {
			isa = XCConfigurationList;
			buildConfigurations = (
				B48EE9DA1C6D120600664C30 /* Debug */,
				B48EE9DB1C6D120600664C30 /* Release */,
			);
			defaultConfigurationIsVisible = 0;
			defaultConfigurationName = Release;
		};
/* End XCConfigurationList section */
	};
	rootObject = B48EE9BF1C6D120600664C30 /* Project object */;
}
